
Microsoft Visual Studio Solution File, Format Version 12.00
# Visual Studio Version 16
VisualStudioVersion = 16.0.34601.136
MinimumVisualStudioVersion = 10.0.40219.1
Project("{FAE04EC0-301F-11D3-BF4B-00C04F79EFBC}") = "WEB", "WEB\WEB.csproj", "{220682D9-3890-481D-90B1-90987BB6387E}"
EndProject
Global
	GlobalSection(SolutionConfigurationPlatforms) = preSolution
		Debug|Any CPU = Debug|Any CPU
		Release|Any CPU = Release|Any CPU
	EndGlobalSection
	GlobalSection(ProjectConfigurationPlatforms) = postSolution
		{220682D9-3890-481D-90B1-90987BB6387E}.Debug|Any CPU.ActiveCfg = Debug|Any CPU
		{220682D9-3890-481D-90B1-90987BB6387E}.Debug|Any CPU.Build.0 = Debug|Any CPU
		{220682D9-3890-481D-90B1-90987BB6387E}.Release|Any CPU.ActiveCfg = Release|Any CPU
		{220682D9-3890-481D-90B1-90987BB6387E}.Release|Any CPU.Build.0 = Release|Any CPU
	EndGlobalSection
	GlobalSection(SolutionProperties) = preSolution
		HideSolutionNode = FALSE
	EndGlobalSection
	GlobalSection(ExtensibilityGlobals) = postSolution
		SolutionGuid = {E4817354-0C09-49AD-8D79-AF11024B83B9}
	EndGlobalSection
EndGlobal
